{
  "name": "music-box-interactive",
  "lockfileVersion": 3,
  "requires": true,
  "packages": {
    "": {
      "dependencies": {
        "@ncar/music-box": "^3.0.0-rc.1"
      }
    },
    "node_modules/@ncar/music-box": {
      "version": "3.0.0-rc.1",
      "resolved": "https://registry.npmjs.org/@ncar/music-box/-/music-box-3.0.0-rc.1.tgz",
      "integrity": "sha512-XihqsZ5RYzLToCYzZBqAK/QlTwX8aCA83yiGNucxoIzYtULyqJBz563V/XZ0ev9p1VziK/2HMq44ZKCZiadRUQ==",
      "dependencies": {
        "@ncar/musica": "^0.14.4"
      }
    },
    "node_modules/@ncar/musica": {
      "version": "0.14.4",
      "resolved": "https://registry.npmjs.org/@ncar/musica/-/musica-0.14.4.tgz",
      "integrity": "sha512-VoPEVYFzKthM0anrCQOKZO5Km0ByBETotvBwwEHFr6z3m4349IViya30VK1q7SPhnAB5FY/ifGzQ3k1s7tgJZw==",
      "license": "Apache-2.0",
      "bin": {
        "musica-example": "javascript/tools/serve.js"
      }
    }
  }
}
